
Microsoft Visual Studio Solution File, Format Version 12.00
# Visual Studio 15
VisualStudioVersion = 15.0.26730.12
MinimumVisualStudioVersion = 10.0.40219.1
Project("{A07B5EB6-E848-4116-A8D0-A826331D98C6}") = "ActorFSM", "ActorFSM\ActorFSM.sfproj", "{1DBBC411-38F7-4610-B364-B3A41AFBE4C6}"
EndProject
Project("{FAE04EC0-301F-11D3-BF4B-00C04F79EFBC}") = "FSM", "FSM\FSM.csproj", "{34EABFE4-0915-489C-A598-9C31CCE01274}"
EndProject
Project("{FAE04EC0-301F-11D3-BF4B-00C04F79EFBC}") = "FSM.Interfaces", "FSM.Interfaces\FSM.Interfaces.csproj", "{BF6E8970-5888-41AF-A9AF-E148F079F244}"
EndProject
Global
	GlobalSection(SolutionConfigurationPlatforms) = preSolution
		Debug|x64 = Debug|x64
		Release|x64 = Release|x64
	EndGlobalSection
	GlobalSection(ProjectConfigurationPlatforms) = postSolution
		{1DBBC411-38F7-4610-B364-B3A41AFBE4C6}.Debug|x64.ActiveCfg = Debug|x64
		{1DBBC411-38F7-4610-B364-B3A41AFBE4C6}.Debug|x64.Build.0 = Debug|x64
		{1DBBC411-38F7-4610-B364-B3A41AFBE4C6}.Debug|x64.Deploy.0 = Debug|x64
		{1DBBC411-38F7-4610-B364-B3A41AFBE4C6}.Release|x64.ActiveCfg = Release|x64
		{1DBBC411-38F7-4610-B364-B3A41AFBE4C6}.Release|x64.Build.0 = Release|x64
		{1DBBC411-38F7-4610-B364-B3A41AFBE4C6}.Release|x64.Deploy.0 = Release|x64
		{34EABFE4-0915-489C-A598-9C31CCE01274}.Debug|x64.ActiveCfg = Debug|x64
		{34EABFE4-0915-489C-A598-9C31CCE01274}.Debug|x64.Build.0 = Debug|x64
		{34EABFE4-0915-489C-A598-9C31CCE01274}.Release|x64.ActiveCfg = Release|x64
		{34EABFE4-0915-489C-A598-9C31CCE01274}.Release|x64.Build.0 = Release|x64
		{BF6E8970-5888-41AF-A9AF-E148F079F244}.Debug|x64.ActiveCfg = Debug|x64
		{BF6E8970-5888-41AF-A9AF-E148F079F244}.Debug|x64.Build.0 = Debug|x64
		{BF6E8970-5888-41AF-A9AF-E148F079F244}.Release|x64.ActiveCfg = Release|x64
		{BF6E8970-5888-41AF-A9AF-E148F079F244}.Release|x64.Build.0 = Release|x64
	EndGlobalSection
	GlobalSection(SolutionProperties) = preSolution
		HideSolutionNode = FALSE
	EndGlobalSection
	GlobalSection(ExtensibilityGlobals) = postSolution
		SolutionGuid = {285DED06-C252-4F3A-BA02-7DD3138CE14B}
	EndGlobalSection
EndGlobal
